// !$*UTF8*$!
{
	archiveVersion = 1;
	classes = {
	};
	objectVersion = 55;
	objects = {

/* Begin PBXBuildFile section */
		3F09BCF0BB034A26D323F7D8 /* Pods_MVDB_storyboard.framework in Frameworks */ = {isa = PBXBuildFile; fileRef = A0BD9221869BE4B3C97A96FD /* Pods_MVDB_storyboard.framework */; };
		BD2922A527A9C4CD0094BF92 /* DetailViewController.swift in Sources */ = {isa = PBXBuildFile; fileRef = BD2922A427A9C4CD0094BF92 /* DetailViewController.swift */; };
		BD69ABE727AAFD5A00B89888 /* movie_info.json in Resources */ = {isa = PBXBuildFile; fileRef = BD69ABE427AAFD5A00B89888 /* movie_info.json */; };
		BD69ABE827AAFD5A00B89888 /* movie_list.json in Resources */ = {isa = PBXBuildFile; fileRef = BD69ABE527AAFD5A00B89888 /* movie_list.json */; };
		BD69ABE927AAFD5A00B89888 /* search_movie.json in Resources */ = {isa = PBXBuildFile; fileRef = BD69ABE627AAFD5A00B89888 /* search_movie.json */; };
		BD69ABEE27AB0EA700B89888 /* DetailCell.swift in Sources */ = {isa = PBXBuildFile; fileRef = BD69ABEC27AB0EA700B89888 /* DetailCell.swift */; };
		BD69ABEF27AB0EA700B89888 /* DetailCell.xib in Resources */ = {isa = PBXBuildFile; fileRef = BD69ABED27AB0EA700B89888 /* DetailCell.xib */; };
		BD70B7B827A3EE3A001BDB14 /* MovieListController.swift in Sources */ = {isa = PBXBuildFile; fileRef = BD70B7B727A3EE3A001BDB14 /* MovieListController.swift */; };
		BD70B7BD27A3F1C7001BDB14 /* ListCell.swift in Sources */ = {isa = PBXBuildFile; fileRef = BD70B7BB27A3F1C7001BDB14 /* ListCell.swift */; };
		BD70B7BE27A3F1C7001BDB14 /* ListCell.xib in Resources */ = {isa = PBXBuildFile; fileRef = BD70B7BC27A3F1C7001BDB14 /* ListCell.xib */; };
		BD70B7C327A3FA46001BDB14 /* PCell.swift in Sources */ = {isa = PBXBuildFile; fileRef = BD70B7C127A3FA46001BDB14 /* PCell.swift */; };
		BD70B7C427A3FA46001BDB14 /* PCell.xib in Resources */ = {isa = PBXBuildFile; fileRef = BD70B7C227A3FA46001BDB14 /* PCell.xib */; };
		BD70B7C827A41A8A001BDB14 /* Movie.swift in Sources */ = {isa = PBXBuildFile; fileRef = BD70B7C727A41A8A001BDB14 /* Movie.swift */; };
		BD70B7CA27A41AB1001BDB14 /* Movie+Stubs.swift in Sources */ = {isa = PBXBuildFile; fileRef = BD70B7C927A41AB1001BDB14 /* Movie+Stubs.swift */; };
		BD70B7CD27A41B02001BDB14 /* MovieStore.swift in Sources */ = {isa = PBXBuildFile; fileRef = BD70B7CC27A41B02001BDB14 /* MovieStore.swift */; };
		BD70B7CF27A41B1F001BDB14 /* MovieServises.swift in Sources */ = {isa = PBXBuildFile; fileRef = BD70B7CE27A41B1F001BDB14 /* MovieServises.swift */; };
		BD70B7D227A41C10001BDB14 /* Utils.swift in Sources */ = {isa = PBXBuildFile; fileRef = BD70B7D127A41C10001BDB14 /* Utils.swift */; };
		BD70B7D927A42B07001BDB14 /* CellProtocols.swift in Sources */ = {isa = PBXBuildFile; fileRef = BD70B7D827A42B07001BDB14 /* CellProtocols.swift */; };
		BD86E17527A2DAA100E25EBA /* AppDelegate.swift in Sources */ = {isa = PBXBuildFile; fileRef = BD86E17427A2DAA100E25EBA /* AppDelegate.swift */; };
		BD86E17727A2DAA100E25EBA /* SceneDelegate.swift in Sources */ = {isa = PBXBuildFile; fileRef = BD86E17627A2DAA100E25EBA /* SceneDelegate.swift */; };
		BD86E17C27A2DAA100E25EBA /* Main.storyboard in Resources */ = {isa = PBXBuildFile; fileRef = BD86E17A27A2DAA100E25EBA /* Main.storyboard */; };
		BD86E17E27A2DAA200E25EBA /* Assets.xcassets in Resources */ = {isa = PBXBuildFile; fileRef = BD86E17D27A2DAA200E25EBA /* Assets.xcassets */; };
		BD86E18127A2DAA200E25EBA /* LaunchScreen.storyboard in Resources */ = {isa = PBXBuildFile; fileRef = BD86E17F27A2DAA200E25EBA /* LaunchScreen.storyboard */; };
		BD86E18F27A2DCC400E25EBA /* WideCell.swift in Sources */ = {isa = PBXBuildFile; fileRef = BD86E18D27A2DCC400E25EBA /* WideCell.swift */; };
		BD86E19027A2DCC400E25EBA /* WideCell.xib in Resources */ = {isa = PBXBuildFile; fileRef = BD86E18E27A2DCC400E25EBA /* WideCell.xib */; };
		BD86E19327A2DCDC00E25EBA /* PortraitCell.swift in Sources */ = {isa = PBXBuildFile; fileRef = BD86E19127A2DCDC00E25EBA /* PortraitCell.swift */; };
		BD86E19427A2DCDC00E25EBA /* PortraitCell.xib in Resources */ = {isa = PBXBuildFile; fileRef = BD86E19227A2DCDC00E25EBA /* PortraitCell.xib */; };
/* End PBXBuildFile section */

/* Begin PBXFileReference section */
		A0BD9221869BE4B3C97A96FD /* Pods_MVDB_storyboard.framework */ = {isa = PBXFileReference; explicitFileType = wrapper.framework; includeInIndex = 0; path = Pods_MVDB_storyboard.framework; sourceTree = BUILT_PRODUCTS_DIR; };
		BD2922A427A9C4CD0094BF92 /* DetailViewController.swift */ = {isa = PBXFileReference; lastKnownFileType = sourcecode.swift; path = DetailViewController.swift; sourceTree = "<group>"; };
		BD69ABE427AAFD5A00B89888 /* movie_info.json */ = {isa = PBXFileReference; fileEncoding = 4; lastKnownFileType = text.json; path = movie_info.json; sourceTree = "<group>"; };
		BD69ABE527AAFD5A00B89888 /* movie_list.json */ = {isa = PBXFileReference; fileEncoding = 4; lastKnownFileType = text.json; path = movie_list.json; sourceTree = "<group>"; };
		BD69ABE627AAFD5A00B89888 /* search_movie.json */ = {isa = PBXFileReference; fileEncoding = 4; lastKnownFileType = text.json; path = search_movie.json; sourceTree = "<group>"; };
		BD69ABEC27AB0EA700B89888 /* DetailCell.swift */ = {isa = PBXFileReference; lastKnownFileType = sourcecode.swift; path = DetailCell.swift; sourceTree = "<group>"; };
		BD69ABED27AB0EA700B89888 /* DetailCell.xib */ = {isa = PBXFileReference; lastKnownFileType = file.xib; path = DetailCell.xib; sourceTree = "<group>"; };
		BD70B7B727A3EE3A001BDB14 /* MovieListController.swift */ = {isa = PBXFileReference; lastKnownFileType = sourcecode.swift; path = MovieListController.swift; sourceTree = "<group>"; };
		BD70B7BB27A3F1C7001BDB14 /* ListCell.swift */ = {isa = PBXFileReference; lastKnownFileType = sourcecode.swift; path = ListCell.swift; sourceTree = "<group>"; };
		BD70B7BC27A3F1C7001BDB14 /* ListCell.xib */ = {isa = PBXFileReference; lastKnownFileType = file.xib; path = ListCell.xib; sourceTree = "<group>"; };
		BD70B7C127A3FA46001BDB14 /* PCell.swift */ = {isa = PBXFileReference; lastKnownFileType = sourcecode.swift; path = PCell.swift; sourceTree = "<group>"; };
		BD70B7C227A3FA46001BDB14 /* PCell.xib */ = {isa = PBXFileReference; lastKnownFileType = file.xib; path = PCell.xib; sourceTree = "<group>"; };
		BD70B7C727A41A8A001BDB14 /* Movie.swift */ = {isa = PBXFileReference; lastKnownFileType = sourcecode.swift; path = Movie.swift; sourceTree = "<group>"; };
		BD70B7C927A41AB1001BDB14 /* Movie+Stubs.swift */ = {isa = PBXFileReference; lastKnownFileType = sourcecode.swift; path = "Movie+Stubs.swift"; sourceTree = "<group>"; };
		BD70B7CC27A41B02001BDB14 /* MovieStore.swift */ = {isa = PBXFileReference; lastKnownFileType = sourcecode.swift; path = MovieStore.swift; sourceTree = "<group>"; };
		BD70B7CE27A41B1F001BDB14 /* MovieServises.swift */ = {isa = PBXFileReference; lastKnownFileType = sourcecode.swift; path = MovieServises.swift; sourceTree = "<group>"; };
		BD70B7D127A41C10001BDB14 /* Utils.swift */ = {isa = PBXFileReference; lastKnownFileType = sourcecode.swift; path = Utils.swift; sourceTree = "<group>"; };
		BD70B7D827A42B07001BDB14 /* CellProtocols.swift */ = {isa = PBXFileReference; lastKnownFileType = sourcecode.swift; path = CellProtocols.swift; sourceTree = "<group>"; };
		BD86E17127A2DAA100E25EBA /* MVDB-storyboard.app */ = {isa = PBXFileReference; explicitFileType = wrapper.application; includeInIndex = 0; path = "MVDB-storyboard.app"; sourceTree = BUILT_PRODUCTS_DIR; };
		BD86E17427A2DAA100E25EBA /* AppDelegate.swift */ = {isa = PBXFileReference; lastKnownFileType = sourcecode.swift; path = AppDelegate.swift; sourceTree = "<group>"; };
		BD86E17627A2DAA100E25EBA /* SceneDelegate.swift */ = {isa = PBXFileReference; lastKnownFileType = sourcecode.swift; path = SceneDelegate.swift; sourceTree = "<group>"; };
		BD86E17B27A2DAA100E25EBA /* Base */ = {isa = PBXFileReference; lastKnownFileType = file.storyboard; name = Base; path = Base.lproj/Main.storyboard; sourceTree = "<group>"; };
		BD86E17D27A2DAA200E25EBA /* Assets.xcassets */ = {isa = PBXFileReference; lastKnownFileType = folder.assetcatalog; path = Assets.xcassets; sourceTree = "<group>"; };
		BD86E18027A2DAA200E25EBA /* Base */ = {isa = PBXFileReference; lastKnownFileType = file.storyboard; name = Base; path = Base.lproj/LaunchScreen.storyboard; sourceTree = "<group>"; };
		BD86E18227A2DAA200E25EBA /* Info.plist */ = {isa = PBXFileReference; lastKnownFileType = text.plist.xml; path = Info.plist; sourceTree = "<group>"; };
		BD86E18D27A2DCC400E25EBA /* WideCell.swift */ = {isa = PBXFileReference; lastKnownFileType = sourcecode.swift; path = WideCell.swift; sourceTree = "<group>"; };
		BD86E18E27A2DCC400E25EBA /* WideCell.xib */ = {isa = PBXFileReference; lastKnownFileType = file.xib; path = WideCell.xib; sourceTree = "<group>"; };
		BD86E19127A2DCDC00E25EBA /* PortraitCell.swift */ = {isa = PBXFileReference; lastKnownFileType = sourcecode.swift; path = PortraitCell.swift; sourceTree = "<group>"; };
		BD86E19227A2DCDC00E25EBA /* PortraitCell.xib */ = {isa = PBXFileReference; lastKnownFileType = file.xib; path = PortraitCell.xib; sourceTree = "<group>"; };
		D68E0CEB0A067486862F9139 /* Pods-MVDB-storyboard.debug.xcconfig */ = {isa = PBXFileReference; includeInIndex = 1; lastKnownFileType = text.xcconfig; name = "Pods-MVDB-storyboard.debug.xcconfig"; path = "Target Support Files/Pods-MVDB-storyboard/Pods-MVDB-storyboard.debug.xcconfig"; sourceTree = "<group>"; };
		FBBF437B416CBDE0A423CE7D /* Pods-MVDB-storyboard.release.xcconfig */ = {isa = PBXFileReference; includeInIndex = 1; lastKnownFileType = text.xcconfig; name = "Pods-MVDB-storyboard.release.xcconfig"; path = "Target Support Files/Pods-MVDB-storyboard/Pods-MVDB-storyboard.release.xcconfig"; sourceTree = "<group>"; };
/* End PBXFileReference section */

/* Begin PBXFrameworksBuildPhase section */
		BD86E16E27A2DAA100E25EBA /* Frameworks */ = {
			isa = PBXFrameworksBuildPhase;
			buildActionMask = 2147483647;
			files = (
				3F09BCF0BB034A26D323F7D8 /* Pods_MVDB_storyboard.framework in Frameworks */,
			);
			runOnlyForDeploymentPostprocessing = 0;
		};
/* End PBXFrameworksBuildPhase section */

/* Begin PBXGroup section */
		7EF18B2B36A7A46D0650C06E /* Pods */ = {
			isa = PBXGroup;
			children = (
				D68E0CEB0A067486862F9139 /* Pods-MVDB-storyboard.debug.xcconfig */,
				FBBF437B416CBDE0A423CE7D /* Pods-MVDB-storyboard.release.xcconfig */,
			);
			path = Pods;
			sourceTree = "<group>";
		};
		BD69ABE327AAFD2200B89888 /* jsonResourses */ = {
			isa = PBXGroup;
			children = (
				BD69ABE427AAFD5A00B89888 /* movie_info.json */,
				BD69ABE527AAFD5A00B89888 /* movie_list.json */,
				BD69ABE627AAFD5A00B89888 /* search_movie.json */,
			);
			path = jsonResourses;
			sourceTree = "<group>";
		};
		BD69ABEA27AB0E5500B89888 /* DetailController */ = {
			isa = PBXGroup;
			children = (
				BD69ABEB27AB0E7500B89888 /* DetailCell */,
				BD2922A427A9C4CD0094BF92 /* DetailViewController.swift */,
			);
			path = DetailController;
			sourceTree = "<group>";
		};
		BD69ABEB27AB0E7500B89888 /* DetailCell */ = {
			isa = PBXGroup;
			children = (
				BD69ABEC27AB0EA700B89888 /* DetailCell.swift */,
				BD69ABED27AB0EA700B89888 /* DetailCell.xib */,
			);
			path = DetailCell;
			sourceTree = "<group>";
		};
		BD70B7B927A3F1A3001BDB14 /* ListController */ = {
			isa = PBXGroup;
			children = (
				BD70B7B727A3EE3A001BDB14 /* MovieListController.swift */,
				BD86E18A27A2DC6500E25EBA /* CollectionCells */,
				BD70B7BA27A3F1AE001BDB14 /* TableViewCells */,
			);
			path = ListController;
			sourceTree = "<group>";
		};
		BD70B7BA27A3F1AE001BDB14 /* TableViewCells */ = {
			isa = PBXGroup;
			children = (
				BD70B7D827A42B07001BDB14 /* CellProtocols.swift */,
				BD70B7C027A3FA23001BDB14 /* PCell */,
				BD70B7BF27A3FA12001BDB14 /* listCell */,
			);
			path = TableViewCells;
			sourceTree = "<group>";
		};
		BD70B7BF27A3FA12001BDB14 /* listCell */ = {
			isa = PBXGroup;
			children = (
				BD70B7BB27A3F1C7001BDB14 /* ListCell.swift */,
				BD70B7BC27A3F1C7001BDB14 /* ListCell.xib */,
			);
			path = listCell;
			sourceTree = "<group>";
		};
		BD70B7C027A3FA23001BDB14 /* PCell */ = {
			isa = PBXGroup;
			children = (
				BD70B7C127A3FA46001BDB14 /* PCell.swift */,
				BD70B7C227A3FA46001BDB14 /* PCell.xib */,
			);
			path = PCell;
			sourceTree = "<group>";
		};
		BD70B7C527A41A46001BDB14 /* Network */ = {
			isa = PBXGroup;
			children = (
				BD70B7CB27A41AD5001BDB14 /* services */,
				BD70B7C627A41A57001BDB14 /* models */,
			);
			path = Network;
			sourceTree = "<group>";
		};
		BD70B7C627A41A57001BDB14 /* models */ = {
			isa = PBXGroup;
			children = (
				BD70B7C727A41A8A001BDB14 /* Movie.swift */,
				BD70B7C927A41AB1001BDB14 /* Movie+Stubs.swift */,
			);
			path = models;
			sourceTree = "<group>";
		};
		BD70B7CB27A41AD5001BDB14 /* services */ = {
			isa = PBXGroup;
			children = (
				BD70B7CC27A41B02001BDB14 /* MovieStore.swift */,
				BD70B7CE27A41B1F001BDB14 /* MovieServises.swift */,
			);
			path = services;
			sourceTree = "<group>";
		};
		BD70B7D027A41BE5001BDB14 /* Utils */ = {
			isa = PBXGroup;
			children = (
				BD70B7D127A41C10001BDB14 /* Utils.swift */,
			);
			path = Utils;
			sourceTree = "<group>";
		};
		BD70B7D327A41C70001BDB14 /* Application */ = {
			isa = PBXGroup;
			children = (
				BD86E17427A2DAA100E25EBA /* AppDelegate.swift */,
				BD86E17627A2DAA100E25EBA /* SceneDelegate.swift */,
				BD86E17A27A2DAA100E25EBA /* Main.storyboard */,
				BD86E17F27A2DAA200E25EBA /* LaunchScreen.storyboard */,
			);
			path = Application;
			sourceTree = "<group>";
		};
		BD86E16827A2DAA100E25EBA = {
			isa = PBXGroup;
			children = (
				BD86E17327A2DAA100E25EBA /* MVDB-storyboard */,
				BD86E17227A2DAA100E25EBA /* Products */,
				7EF18B2B36A7A46D0650C06E /* Pods */,
				E523D29A13873D2C4F388CDE /* Frameworks */,
			);
			sourceTree = "<group>";
		};
		BD86E17227A2DAA100E25EBA /* Products */ = {
			isa = PBXGroup;
			children = (
				BD86E17127A2DAA100E25EBA /* MVDB-storyboard.app */,
			);
			name = Products;
			sourceTree = "<group>";
		};
		BD86E17327A2DAA100E25EBA /* MVDB-storyboard */ = {
			isa = PBXGroup;
			children = (
				BD70B7D327A41C70001BDB14 /* Application */,
				BD69ABE327AAFD2200B89888 /* jsonResourses */,
				BD70B7D027A41BE5001BDB14 /* Utils */,
				BD70B7C527A41A46001BDB14 /* Network */,
				BD86E18827A2DC1500E25EBA /* Controllers */,
				BD86E18227A2DAA200E25EBA /* Info.plist */,
				BD86E17D27A2DAA200E25EBA /* Assets.xcassets */,
			);
			path = "MVDB-storyboard";
			sourceTree = "<group>";
		};
		BD86E18827A2DC1500E25EBA /* Controllers */ = {
			isa = PBXGroup;
			children = (
				BD69ABEA27AB0E5500B89888 /* DetailController */,
				BD70B7B927A3F1A3001BDB14 /* ListController */,
			);
			path = Controllers;
			sourceTree = "<group>";
		};
		BD86E18A27A2DC6500E25EBA /* CollectionCells */ = {
			isa = PBXGroup;
			children = (
				BD86E18C27A2DC9200E25EBA /* WideCell */,
				BD86E18B27A2DC7800E25EBA /* PortraitCell */,
			);
			path = CollectionCells;
			sourceTree = "<group>";
		};
		BD86E18B27A2DC7800E25EBA /* PortraitCell */ = {
			isa = PBXGroup;
			children = (
				BD86E19127A2DCDC00E25EBA /* PortraitCell.swift */,
				BD86E19227A2DCDC00E25EBA /* PortraitCell.xib */,
			);
			path = PortraitCell;
			sourceTree = "<group>";
		};
		BD86E18C27A2DC9200E25EBA /* WideCell */ = {
			isa = PBXGroup;
			children = (
				BD86E18D27A2DCC400E25EBA /* WideCell.swift */,
				BD86E18E27A2DCC400E25EBA /* WideCell.xib */,
			);
			path = WideCell;
			sourceTree = "<group>";
		};
		E523D29A13873D2C4F388CDE /* Frameworks */ = {
			isa = PBXGroup;
			children = (
				A0BD9221869BE4B3C97A96FD /* Pods_MVDB_storyboard.framework */,
			);
			name = Frameworks;
			sourceTree = "<group>";
		};
/* End PBXGroup section */

/* Begin PBXNativeTarget section */
		BD86E17027A2DAA100E25EBA /* MVDB-storyboard */ = {
			isa = PBXNativeTarget;
			buildConfigurationList = BD86E18527A2DAA200E25EBA /* Build configuration list for PBXNativeTarget "MVDB-storyboard" */;
			buildPhases = (
				E596A466A6CD7013BAC848D5 /* [CP] Check Pods Manifest.lock */,
				BD86E16D27A2DAA100E25EBA /* Sources */,
				BD86E16E27A2DAA100E25EBA /* Frameworks */,
				BD86E16F27A2DAA100E25EBA /* Resources */,
				2B322C65A9016CC9A7722CDE /* [CP] Embed Pods Frameworks */,
			);
			buildRules = (
			);
			dependencies = (
			);
			name = "MVDB-storyboard";
			productName = "MVDB-storyboard";
			productReference = BD86E17127A2DAA100E25EBA /* MVDB-storyboard.app */;
			productType = "com.apple.product-type.application";
		};
/* End PBXNativeTarget section */

/* Begin PBXProject section */
		BD86E16927A2DAA100E25EBA /* Project object */ = {
			isa = PBXProject;
			attributes = {
				BuildIndependentTargetsInParallel = 1;
				LastSwiftUpdateCheck = 1310;
				LastUpgradeCheck = 1310;
				TargetAttributes = {
					BD86E17027A2DAA100E25EBA = {
						CreatedOnToolsVersion = 13.1;
					};
				};
			};
			buildConfigurationList = BD86E16C27A2DAA100E25EBA /* Build configuration list for PBXProject "MVDB-storyboard" */;
			compatibilityVersion = "Xcode 13.0";
			developmentRegion = en;
			hasScannedForEncodings = 0;
			knownRegions = (
				en,
				Base,
			);
			mainGroup = BD86E16827A2DAA100E25EBA;
			productRefGroup = BD86E17227A2DAA100E25EBA /* Products */;
			projectDirPath = "";
			projectRoot = "";
			targets = (
				BD86E17027A2DAA100E25EBA /* MVDB-storyboard */,
			);
		};
/* End PBXProject section */

/* Begin PBXResourcesBuildPhase section */
		BD86E16F27A2DAA100E25EBA /* Resources */ = {
			isa = PBXResourcesBuildPhase;
			buildActionMask = 2147483647;
			files = (
				BD69ABEF27AB0EA700B89888 /* DetailCell.xib in Resources */,
				BD86E18127A2DAA200E25EBA /* LaunchScreen.storyboard in Resources */,
				BD70B7C427A3FA46001BDB14 /* PCell.xib in Resources */,
				BD69ABE727AAFD5A00B89888 /* movie_info.json in Resources */,
				BD70B7BE27A3F1C7001BDB14 /* ListCell.xib in Resources */,
				BD69ABE827AAFD5A00B89888 /* movie_list.json in Resources */,
				BD86E17E27A2DAA200E25EBA /* Assets.xcassets in Resources */,
				BD86E19027A2DCC400E25EBA /* WideCell.xib in Resources */,
				BD86E17C27A2DAA100E25EBA /* Main.storyboard in Resources */,
				BD69ABE927AAFD5A00B89888 /* search_movie.json in Resources */,
				BD86E19427A2DCDC00E25EBA /* PortraitCell.xib in Resources */,
			);
			runOnlyForDeploymentPostprocessing = 0;
		};
/* End PBXResourcesBuildPhase section */

/* Begin PBXShellScriptBuildPhase section */
		2B322C65A9016CC9A7722CDE /* [CP] Embed Pods Frameworks */ = {
			isa = PBXShellScriptBuildPhase;
			buildActionMask = 2147483647;
			files = (
			);
			inputFileListPaths = (
				"${PODS_ROOT}/Target Support Files/Pods-MVDB-storyboard/Pods-MVDB-storyboard-frameworks-${CONFIGURATION}-input-files.xcfilelist",
			);
			name = "[CP] Embed Pods Frameworks";
			outputFileListPaths = (
				"${PODS_ROOT}/Target Support Files/Pods-MVDB-storyboard/Pods-MVDB-storyboard-frameworks-${CONFIGURATION}-output-files.xcfilelist",
			);
			runOnlyForDeploymentPostprocessing = 0;
			shellPath = /bin/sh;
			shellScript = "\"${PODS_ROOT}/Target Support Files/Pods-MVDB-storyboard/Pods-MVDB-storyboard-frameworks.sh\"\n";
			showEnvVarsInLog = 0;
		};
		E596A466A6CD7013BAC848D5 /* [CP] Check Pods Manifest.lock */ = {
			isa = PBXShellScriptBuildPhase;
			buildActionMask = 2147483647;
			files = (
			);
			inputFileListPaths = (
			);
			inputPaths = (
				"${PODS_PODFILE_DIR_PATH}/Podfile.lock",
				"${PODS_ROOT}/Manifest.lock",
			);
			name = "[CP] Check Pods Manifest.lock";
			outputFileListPaths = (
			);
			outputPaths = (
				"$(DERIVED_FILE_DIR)/Pods-MVDB-storyboard-checkManifestLockResult.txt",
			);
			runOnlyForDeploymentPostprocessing = 0;
			shellPath = /bin/sh;
			shellScript = "diff \"${PODS_PODFILE_DIR_PATH}/Podfile.lock\" \"${PODS_ROOT}/Manifest.lock\" > /dev/null\nif [ $? != 0 ] ; then\n    # print error to STDERR\n    echo \"error: The sandbox is not in sync with the Podfile.lock. Run 'pod install' or update your CocoaPods installation.\" >&2\n    exit 1\nfi\n# This output is used by Xcode 'outputs' to avoid re-running this script phase.\necho \"SUCCESS\" > \"${SCRIPT_OUTPUT_FILE_0}\"\n";
			showEnvVarsInLog = 0;
		};
/* End PBXShellScriptBuildPhase section */

/* Begin PBXSourcesBuildPhase section */
		BD86E16D27A2DAA100E25EBA /* Sources */ = {
			isa = PBXSourcesBuildPhase;
			buildActionMask = 2147483647;
			files = (
				BD70B7CD27A41B02001BDB14 /* MovieStore.swift in Sources */,
				BD70B7BD27A3F1C7001BDB14 /* ListCell.swift in Sources */,
				BD70B7CA27A41AB1001BDB14 /* Movie+Stubs.swift in Sources */,
				BD70B7D927A42B07001BDB14 /* CellProtocols.swift in Sources */,
				BD70B7C827A41A8A001BDB14 /* Movie.swift in Sources */,
				BD69ABEE27AB0EA700B89888 /* DetailCell.swift in Sources */,
				BD70B7D227A41C10001BDB14 /* Utils.swift in Sources */,
				BD86E17527A2DAA100E25EBA /* AppDelegate.swift in Sources */,
				BD70B7CF27A41B1F001BDB14 /* MovieServises.swift in Sources */,
				BD86E18F27A2DCC400E25EBA /* WideCell.swift in Sources */,
				BD86E19327A2DCDC00E25EBA /* PortraitCell.swift in Sources */,
				BD86E17727A2DAA100E25EBA /* SceneDelegate.swift in Sources */,
				BD70B7B827A3EE3A001BDB14 /* MovieListController.swift in Sources */,
				BD70B7C327A3FA46001BDB14 /* PCell.swift in Sources */,
				BD2922A527A9C4CD0094BF92 /* DetailViewController.swift in Sources */,
			);
			runOnlyForDeploymentPostprocessing = 0;
		};
/* End PBXSourcesBuildPhase section */

/* Begin PBXVariantGroup section */
		BD86E17A27A2DAA100E25EBA /* Main.storyboard */ = {
			isa = PBXVariantGroup;
			children = (
				BD86E17B27A2DAA100E25EBA /* Base */,
			);
			name = Main.storyboard;
			sourceTree = "<group>";
		};
		BD86E17F27A2DAA200E25EBA /* LaunchScreen.storyboard */ = {
			isa = PBXVariantGroup;
			children = (
				BD86E18027A2DAA200E25EBA /* Base */,
			);
			name = LaunchScreen.storyboard;
			sourceTree = "<group>";
		};
/* End PBXVariantGroup section */

/* Begin XCBuildConfiguration section */
		BD86E18327A2DAA200E25EBA /* Debug */ = {
			isa = XCBuildConfiguration;
			buildSettings = {
				ALWAYS_SEARCH_USER_PATHS = NO;
				CLANG_ANALYZER_NONNULL = YES;
				CLANG_ANALYZER_NUMBER_OBJECT_CONVERSION = YES_AGGRESSIVE;
				CLANG_CXX_LANGUAGE_STANDARD = "gnu++17";
				CLANG_CXX_LIBRARY = "libc++";
				CLANG_ENABLE_MODULES = YES;
				CLANG_ENABLE_OBJC_ARC = YES;
				CLANG_ENABLE_OBJC_WEAK = YES;
				CLANG_WARN_BLOCK_CAPTURE_AUTORELEASING = YES;
				CLANG_WARN_BOOL_CONVERSION = YES;
				CLANG_WARN_COMMA = YES;
				CLANG_WARN_CONSTANT_CONVERSION = YES;
				CLANG_WARN_DEPRECATED_OBJC_IMPLEMENTATIONS = YES;
				CLANG_WARN_DIRECT_OBJC_ISA_USAGE = YES_ERROR;
				CLANG_WARN_DOCUMENTATION_COMMENTS = YES;
				CLANG_WARN_EMPTY_BODY = YES;
				CLANG_WARN_ENUM_CONVERSION = YES;
				CLANG_WARN_INFINITE_RECURSION = YES;
				CLANG_WARN_INT_CONVERSION = YES;
				CLANG_WARN_NON_LITERAL_NULL_CONVERSION = YES;
				CLANG_WARN_OBJC_IMPLICIT_RETAIN_SELF = YES;
				CLANG_WARN_OBJC_LITERAL_CONVERSION = YES;
				CLANG_WARN_OBJC_ROOT_CLASS = YES_ERROR;
				CLANG_WARN_QUOTED_INCLUDE_IN_FRAMEWORK_HEADER = YES;
				CLANG_WARN_RANGE_LOOP_ANALYSIS = YES;
				CLANG_WARN_STRICT_PROTOTYPES = YES;
				CLANG_WARN_SUSPICIOUS_MOVE = YES;
				CLANG_WARN_UNGUARDED_AVAILABILITY = YES_AGGRESSIVE;
				CLANG_WARN_UNREACHABLE_CODE = YES;
				CLANG_WARN__DUPLICATE_METHOD_MATCH = YES;
				COPY_PHASE_STRIP = NO;
				DEBUG_INFORMATION_FORMAT = dwarf;
				ENABLE_STRICT_OBJC_MSGSEND = YES;
				ENABLE_TESTABILITY = YES;
				GCC_C_LANGUAGE_STANDARD = gnu11;
				GCC_DYNAMIC_NO_PIC = NO;
				GCC_NO_COMMON_BLOCKS = YES;
				GCC_OPTIMIZATION_LEVEL = 0;
				GCC_PREPROCESSOR_DEFINITIONS = (
					"DEBUG=1",
					"$(inherited)",
				);
				GCC_WARN_64_TO_32_BIT_CONVERSION = YES;
				GCC_WARN_ABOUT_RETURN_TYPE = YES_ERROR;
				GCC_WARN_UNDECLARED_SELECTOR = YES;
				GCC_WARN_UNINITIALIZED_AUTOS = YES_AGGRESSIVE;
				GCC_WARN_UNUSED_FUNCTION = YES;
				GCC_WARN_UNUSED_VARIABLE = YES;
				IPHONEOS_DEPLOYMENT_TARGET = 15.0;
				MTL_ENABLE_DEBUG_INFO = INCLUDE_SOURCE;
				MTL_FAST_MATH = YES;
				ONLY_ACTIVE_ARCH = YES;
				SDKROOT = iphoneos;
				SWIFT_ACTIVE_COMPILATION_CONDITIONS = DEBUG;
				SWIFT_OPTIMIZATION_LEVEL = "-Onone";
			};
			name = Debug;
		};
		BD86E18427A2DAA200E25EBA /* Release */ = {
			isa = XCBuildConfiguration;
			buildSettings = {
				ALWAYS_SEARCH_USER_PATHS = NO;
				CLANG_ANALYZER_NONNULL = YES;
				CLANG_ANALYZER_NUMBER_OBJECT_CONVERSION = YES_AGGRESSIVE;
				CLANG_CXX_LANGUAGE_STANDARD = "gnu++17";
				CLANG_CXX_LIBRARY = "libc++";
				CLANG_ENABLE_MODULES = YES;
				CLANG_ENABLE_OBJC_ARC = YES;
				CLANG_ENABLE_OBJC_WEAK = YES;
				CLANG_WARN_BLOCK_CAPTURE_AUTORELEASING = YES;
				CLANG_WARN_BOOL_CONVERSION = YES;
				CLANG_WARN_COMMA = YES;
				CLANG_WARN_CONSTANT_CONVERSION = YES;
				CLANG_WARN_DEPRECATED_OBJC_IMPLEMENTATIONS = YES;
				CLANG_WARN_DIRECT_OBJC_ISA_USAGE = YES_ERROR;
				CLANG_WARN_DOCUMENTATION_COMMENTS = YES;
				CLANG_WARN_EMPTY_BODY = YES;
				CLANG_WARN_ENUM_CONVERSION = YES;
				CLANG_WARN_INFINITE_RECURSION = YES;
				CLANG_WARN_INT_CONVERSION = YES;
				CLANG_WARN_NON_LITERAL_NULL_CONVERSION = YES;
				CLANG_WARN_OBJC_IMPLICIT_RETAIN_SELF = YES;
				CLANG_WARN_OBJC_LITERAL_CONVERSION = YES;
				CLANG_WARN_OBJC_ROOT_CLASS = YES_ERROR;
				CLANG_WARN_QUOTED_INCLUDE_IN_FRAMEWORK_HEADER = YES;
				CLANG_WARN_RANGE_LOOP_ANALYSIS = YES;
				CLANG_WARN_STRICT_PROTOTYPES = YES;
				CLANG_WARN_SUSPICIOUS_MOVE = YES;
				CLANG_WARN_UNGUARDED_AVAILABILITY = YES_AGGRESSIVE;
				CLANG_WARN_UNREACHABLE_CODE = YES;
				CLANG_WARN__DUPLICATE_METHOD_MATCH = YES;
				COPY_PHASE_STRIP = NO;
				DEBUG_INFORMATION_FORMAT = "dwarf-with-dsym";
				ENABLE_NS_ASSERTIONS = NO;
				ENABLE_STRICT_OBJC_MSGSEND = YES;
				GCC_C_LANGUAGE_STANDARD = gnu11;
				GCC_NO_COMMON_BLOCKS = YES;
				GCC_WARN_64_TO_32_BIT_CONVERSION = YES;
				GCC_WARN_ABOUT_RETURN_TYPE = YES_ERROR;
				GCC_WARN_UNDECLARED_SELECTOR = YES;
				GCC_WARN_UNINITIALIZED_AUTOS = YES_AGGRESSIVE;
				GCC_WARN_UNUSED_FUNCTION = YES;
				GCC_WARN_UNUSED_VARIABLE = YES;
				IPHONEOS_DEPLOYMENT_TARGET = 15.0;
				MTL_ENABLE_DEBUG_INFO = NO;
				MTL_FAST_MATH = YES;
				SDKROOT = iphoneos;
				SWIFT_COMPILATION_MODE = wholemodule;
				SWIFT_OPTIMIZATION_LEVEL = "-O";
				VALIDATE_PRODUCT = YES;
			};
			name = Release;
		};
		BD86E18627A2DAA200E25EBA /* Debug */ = {
			isa = XCBuildConfiguration;
			baseConfigurationReference = D68E0CEB0A067486862F9139 /* Pods-MVDB-storyboard.debug.xcconfig */;
			buildSettings = {
				ASSETCATALOG_COMPILER_APPICON_NAME = AppIcon;
				ASSETCATALOG_COMPILER_GLOBAL_ACCENT_COLOR_NAME = AccentColor;
				CODE_SIGN_STYLE = Automatic;
				CURRENT_PROJECT_VERSION = 1;
				DEVELOPMENT_TEAM = YPXDVQFQ53;
				GENERATE_INFOPLIST_FILE = YES;
				INFOPLIST_FILE = "MVDB-storyboard/Info.plist";
				INFOPLIST_KEY_UIApplicationSupportsIndirectInputEvents = YES;
				INFOPLIST_KEY_UILaunchStoryboardName = LaunchScreen;
				INFOPLIST_KEY_UIMainStoryboardFile = Main;
				INFOPLIST_KEY_UISupportedInterfaceOrientations_iPad = "UIInterfaceOrientationPortrait UIInterfaceOrientationPortraitUpsideDown UIInterfaceOrientationLandscapeLeft UIInterfaceOrientationLandscapeRight";
				INFOPLIST_KEY_UISupportedInterfaceOrientations_iPhone = "UIInterfaceOrientationPortrait UIInterfaceOrientationLandscapeLeft UIInterfaceOrientationLandscapeRight";
				LD_RUNPATH_SEARCH_PATHS = (
					"$(inherited)",
					"@executable_path/Frameworks",
				);
				MARKETING_VERSION = 1.0;
				PRODUCT_BUNDLE_IDENTIFIER = "fedir72.MVDB-storyboard";
				PRODUCT_NAME = "$(TARGET_NAME)";
				SWIFT_EMIT_LOC_STRINGS = YES;
				SWIFT_VERSION = 5.0;
				TARGETED_DEVICE_FAMILY = "1,2";
			};
			name = Debug;
		};
		BD86E18727A2DAA200E25EBA /* Release */ = {
			isa = XCBuildConfiguration;
			baseConfigurationReference = FBBF437B416CBDE0A423CE7D /* Pods-MVDB-storyboard.release.xcconfig */;
			buildSettings = {
				ASSETCATALOG_COMPILER_APPICON_NAME = AppIcon;
				ASSETCATALOG_COMPILER_GLOBAL_ACCENT_COLOR_NAME = AccentColor;
				CODE_SIGN_STYLE = Automatic;
				CURRENT_PROJECT_VERSION = 1;
				DEVELOPMENT_TEAM = YPXDVQFQ53;
				GENERATE_INFOPLIST_FILE = YES;
				INFOPLIST_FILE = "MVDB-storyboard/Info.plist";
				INFOPLIST_KEY_UIApplicationSupportsIndirectInputEvents = YES;
				INFOPLIST_KEY_UILaunchStoryboardName = LaunchScreen;
				INFOPLIST_KEY_UIMainStoryboardFile = Main;
				INFOPLIST_KEY_UISupportedInterfaceOrientations_iPad = "UIInterfaceOrientationPortrait UIInterfaceOrientationPortraitUpsideDown UIInterfaceOrientationLandscapeLeft UIInterfaceOrientationLandscapeRight";
				INFOPLIST_KEY_UISupportedInterfaceOrientations_iPhone = "UIInterfaceOrientationPortrait UIInterfaceOrientationLandscapeLeft UIInterfaceOrientationLandscapeRight";
				LD_RUNPATH_SEARCH_PATHS = (
					"$(inherited)",
					"@executable_path/Frameworks",
				);
				MARKETING_VERSION = 1.0;
				PRODUCT_BUNDLE_IDENTIFIER = "fedir72.MVDB-storyboard";
				PRODUCT_NAME = "$(TARGET_NAME)";
				SWIFT_EMIT_LOC_STRINGS = YES;
				SWIFT_VERSION = 5.0;
				TARGETED_DEVICE_FAMILY = "1,2";
			};
			name = Release;
		};
/* End XCBuildConfiguration section */

/* Begin XCConfigurationList section */
		BD86E16C27A2DAA100E25EBA /* Build configuration list for PBXProject "MVDB-storyboard" */ = {
			isa = XCConfigurationList;
			buildConfigurations = (
				BD86E18327A2DAA200E25EBA /* Debug */,
				BD86E18427A2DAA200E25EBA /* Release */,
			);
			defaultConfigurationIsVisible = 0;
			defaultConfigurationName = Release;
		};
		BD86E18527A2DAA200E25EBA /* Build configuration list for PBXNativeTarget "MVDB-storyboard" */ = {
			isa = XCConfigurationList;
			buildConfigurations = (
				BD86E18627A2DAA200E25EBA /* Debug */,
				BD86E18727A2DAA200E25EBA /* Release */,
			);
			defaultConfigurationIsVisible = 0;
			defaultConfigurationName = Release;
		};
/* End XCConfigurationList section */
	};
	rootObject = BD86E16927A2DAA100E25EBA /* Project object */;
}
